
Microsoft Visual Studio Solution File, Format Version 12.00
# Visual Studio Version 16
VisualStudioVersion = 16.0.30523.141
MinimumVisualStudioVersion = 10.0.40219.1
Project("{9A19103F-16F7-4668-BE54-9A1E7A4F7556}") = "Sort Even Numbers", "Sort Even Numbers\Sort Even Numbers.csproj", "{AEF8CAF7-B20C-42DD-8196-241D4F182D9E}"
EndProject
Project("{9A19103F-16F7-4668-BE54-9A1E7A4F7556}") = "Sum Numbers", "Sum Numbers\Sum Numbers.csproj", "{FD70C233-79FD-4DAB-8A11-4E509233F99B}"
EndProject
Project("{9A19103F-16F7-4668-BE54-9A1E7A4F7556}") = "Count Uppercase Words", "Count Uppercase Words\Count Uppercase Words.csproj", "{BF350B25-01AE-439A-81DE-10AEEEEAC546}"
EndProject
Project("{9A19103F-16F7-4668-BE54-9A1E7A4F7556}") = "Add VAT", "Add VAT\Add VAT.csproj", "{468D6EA9-36A8-4339-A6C9-54655E22351E}"
EndProject
Project("{9A19103F-16F7-4668-BE54-9A1E7A4F7556}") = "Filter By Age", "Filter By Age\Filter By Age.csproj", "{742CA0A4-CC7C-4E4D-9837-9DADC8A36F42}"
EndProject
Project("{9A19103F-16F7-4668-BE54-9A1E7A4F7556}") = "Action Point", "Action Point\Action Point.csproj", "{FE0E6926-799C-43AB-8527-2F8B9578E2AD}"
EndProject
Project("{9A19103F-16F7-4668-BE54-9A1E7A4F7556}") = "Knights of Honor", "Knights of Honor\Knights of Honor.csproj", "{D23A0ABD-12B6-44C3-895D-5801C3AF2DFC}"
EndProject
Project("{9A19103F-16F7-4668-BE54-9A1E7A4F7556}") = "Custom Min Function", "Custom Min Function\Custom Min Function.csproj", "{0B13DF2F-52AE-45C6-A56C-484BC1E38FCE}"
EndProject
Project("{9A19103F-16F7-4668-BE54-9A1E7A4F7556}") = "Find Evens or Odds", "Find Evens or Odds\Find Evens or Odds.csproj", "{29130E1F-73F4-43A4-9000-ACF8D7FE7CA2}"
EndProject
Project("{9A19103F-16F7-4668-BE54-9A1E7A4F7556}") = "Applied Arithmetics", "Applied Arithmetics\Applied Arithmetics.csproj", "{EBAE3B2B-646F-4B23-B7DD-6BA149A7E1C2}"
EndProject
Project("{9A19103F-16F7-4668-BE54-9A1E7A4F7556}") = "Reverse and Exclude", "Reverse and Exclude\Reverse and Exclude.csproj", "{7DBAA48F-A64A-44EA-80B3-5B9E56F91C14}"
EndProject
Project("{FAE04EC0-301F-11D3-BF4B-00C04F79EFBC}") = "Predicate for Names", "Predicate for Names\Predicate for Names.csproj", "{F3C4C0A3-3758-4FCA-8207-76C64A213A4E}"
EndProject
Global
	GlobalSection(SolutionConfigurationPlatforms) = preSolution
		Debug|Any CPU = Debug|Any CPU
		Release|Any CPU = Release|Any CPU
	EndGlobalSection
	GlobalSection(ProjectConfigurationPlatforms) = postSolution
		{AEF8CAF7-B20C-42DD-8196-241D4F182D9E}.Debug|Any CPU.ActiveCfg = Debug|Any CPU
		{AEF8CAF7-B20C-42DD-8196-241D4F182D9E}.Debug|Any CPU.Build.0 = Debug|Any CPU
		{AEF8CAF7-B20C-42DD-8196-241D4F182D9E}.Release|Any CPU.ActiveCfg = Release|Any CPU
		{AEF8CAF7-B20C-42DD-8196-241D4F182D9E}.Release|Any CPU.Build.0 = Release|Any CPU
		{FD70C233-79FD-4DAB-8A11-4E509233F99B}.Debug|Any CPU.ActiveCfg = Debug|Any CPU
		{FD70C233-79FD-4DAB-8A11-4E509233F99B}.Debug|Any CPU.Build.0 = Debug|Any CPU
		{FD70C233-79FD-4DAB-8A11-4E509233F99B}.Release|Any CPU.ActiveCfg = Release|Any CPU
		{FD70C233-79FD-4DAB-8A11-4E509233F99B}.Release|Any CPU.Build.0 = Release|Any CPU
		{BF350B25-01AE-439A-81DE-10AEEEEAC546}.Debug|Any CPU.ActiveCfg = Debug|Any CPU
		{BF350B25-01AE-439A-81DE-10AEEEEAC546}.Debug|Any CPU.Build.0 = Debug|Any CPU
		{BF350B25-01AE-439A-81DE-10AEEEEAC546}.Release|Any CPU.ActiveCfg = Release|Any CPU
		{BF350B25-01AE-439A-81DE-10AEEEEAC546}.Release|Any CPU.Build.0 = Release|Any CPU
		{468D6EA9-36A8-4339-A6C9-54655E22351E}.Debug|Any CPU.ActiveCfg = Debug|Any CPU
		{468D6EA9-36A8-4339-A6C9-54655E22351E}.Debug|Any CPU.Build.0 = Debug|Any CPU
		{468D6EA9-36A8-4339-A6C9-54655E22351E}.Release|Any CPU.ActiveCfg = Release|Any CPU
		{468D6EA9-36A8-4339-A6C9-54655E22351E}.Release|Any CPU.Build.0 = Release|Any CPU
		{742CA0A4-CC7C-4E4D-9837-9DADC8A36F42}.Debug|Any CPU.ActiveCfg = Debug|Any CPU
		{742CA0A4-CC7C-4E4D-9837-9DADC8A36F42}.Debug|Any CPU.Build.0 = Debug|Any CPU
		{742CA0A4-CC7C-4E4D-9837-9DADC8A36F42}.Release|Any CPU.ActiveCfg = Release|Any CPU
		{742CA0A4-CC7C-4E4D-9837-9DADC8A36F42}.Release|Any CPU.Build.0 = Release|Any CPU
		{FE0E6926-799C-43AB-8527-2F8B9578E2AD}.Debug|Any CPU.ActiveCfg = Debug|Any CPU
		{FE0E6926-799C-43AB-8527-2F8B9578E2AD}.Debug|Any CPU.Build.0 = Debug|Any CPU
		{FE0E6926-799C-43AB-8527-2F8B9578E2AD}.Release|Any CPU.ActiveCfg = Release|Any CPU
		{FE0E6926-799C-43AB-8527-2F8B9578E2AD}.Release|Any CPU.Build.0 = Release|Any CPU
		{D23A0ABD-12B6-44C3-895D-5801C3AF2DFC}.Debug|Any CPU.ActiveCfg = Debug|Any CPU
		{D23A0ABD-12B6-44C3-895D-5801C3AF2DFC}.Debug|Any CPU.Build.0 = Debug|Any CPU
		{D23A0ABD-12B6-44C3-895D-5801C3AF2DFC}.Release|Any CPU.ActiveCfg = Release|Any CPU
		{D23A0ABD-12B6-44C3-895D-5801C3AF2DFC}.Release|Any CPU.Build.0 = Release|Any CPU
		{0B13DF2F-52AE-45C6-A56C-484BC1E38FCE}.Debug|Any CPU.ActiveCfg = Debug|Any CPU
		{0B13DF2F-52AE-45C6-A56C-484BC1E38FCE}.Debug|Any CPU.Build.0 = Debug|Any CPU
		{0B13DF2F-52AE-45C6-A56C-484BC1E38FCE}.Release|Any CPU.ActiveCfg = Release|Any CPU
		{0B13DF2F-52AE-45C6-A56C-484BC1E38FCE}.Release|Any CPU.Build.0 = Release|Any CPU
		{29130E1F-73F4-43A4-9000-ACF8D7FE7CA2}.Debug|Any CPU.ActiveCfg = Debug|Any CPU
		{29130E1F-73F4-43A4-9000-ACF8D7FE7CA2}.Debug|Any CPU.Build.0 = Debug|Any CPU
		{29130E1F-73F4-43A4-9000-ACF8D7FE7CA2}.Release|Any CPU.ActiveCfg = Release|Any CPU
		{29130E1F-73F4-43A4-9000-ACF8D7FE7CA2}.Release|Any CPU.Build.0 = Release|Any CPU
		{EBAE3B2B-646F-4B23-B7DD-6BA149A7E1C2}.Debug|Any CPU.ActiveCfg = Debug|Any CPU
		{EBAE3B2B-646F-4B23-B7DD-6BA149A7E1C2}.Debug|Any CPU.Build.0 = Debug|Any CPU
		{EBAE3B2B-646F-4B23-B7DD-6BA149A7E1C2}.Release|Any CPU.ActiveCfg = Release|Any CPU
		{EBAE3B2B-646F-4B23-B7DD-6BA149A7E1C2}.Release|Any CPU.Build.0 = Release|Any CPU
		{7DBAA48F-A64A-44EA-80B3-5B9E56F91C14}.Debug|Any CPU.ActiveCfg = Debug|Any CPU
		{7DBAA48F-A64A-44EA-80B3-5B9E56F91C14}.Debug|Any CPU.Build.0 = Debug|Any CPU
		{7DBAA48F-A64A-44EA-80B3-5B9E56F91C14}.Release|Any CPU.ActiveCfg = Release|Any CPU
		{7DBAA48F-A64A-44EA-80B3-5B9E56F91C14}.Release|Any CPU.Build.0 = Release|Any CPU
		{F3C4C0A3-3758-4FCA-8207-76C64A213A4E}.Debug|Any CPU.ActiveCfg = Debug|Any CPU
		{F3C4C0A3-3758-4FCA-8207-76C64A213A4E}.Debug|Any CPU.Build.0 = Debug|Any CPU
		{F3C4C0A3-3758-4FCA-8207-76C64A213A4E}.Release|Any CPU.ActiveCfg = Release|Any CPU
		{F3C4C0A3-3758-4FCA-8207-76C64A213A4E}.Release|Any CPU.Build.0 = Release|Any CPU
	EndGlobalSection
	GlobalSection(SolutionProperties) = preSolution
		HideSolutionNode = FALSE
	EndGlobalSection
	GlobalSection(ExtensibilityGlobals) = postSolution
		SolutionGuid = {2F2B21D2-7A2E-436B-87AC-923FE98DC473}
	EndGlobalSection
EndGlobal
