
Microsoft Visual Studio Solution File, Format Version 12.00
# Visual Studio Version 16
VisualStudioVersion = 16.0.30523.141
MinimumVisualStudioVersion = 10.0.40219.1
Project("{FAE04EC0-301F-11D3-BF4B-00C04F79EFBC}") = "Sort Even Numbers", "Sort Even Numbers\Sort Even Numbers.csproj", "{AEF8CAF7-B20C-42DD-8196-241D4F182D9E}"
EndProject
Project("{FAE04EC0-301F-11D3-BF4B-00C04F79EFBC}") = "Sum Numbers", "Sum Numbers\Sum Numbers.csproj", "{FD70C233-79FD-4DAB-8A11-4E509233F99B}"
EndProject
Project("{FAE04EC0-301F-11D3-BF4B-00C04F79EFBC}") = "Count Uppercase Words", "Count Uppercase Words\Count Uppercase Words.csproj", "{BF350B25-01AE-439A-81DE-10AEEEEAC546}"
EndProject
Project("{FAE04EC0-301F-11D3-BF4B-00C04F79EFBC}") = "Add VAT", "Add VAT\Add VAT.csproj", "{468D6EA9-36A8-4339-A6C9-54655E22351E}"
EndProject
Project("{FAE04EC0-301F-11D3-BF4B-00C04F79EFBC}") = "Filter By Age", "Filter By Age\Filter By Age.csproj", "{742CA0A4-CC7C-4E4D-9837-9DADC8A36F42}"
EndProject
Global
	GlobalSection(SolutionConfigurationPlatforms) = preSolution
		Debug|Any CPU = Debug|Any CPU
		Release|Any CPU = Release|Any CPU
	EndGlobalSection
	GlobalSection(ProjectConfigurationPlatforms) = postSolution
		{AEF8CAF7-B20C-42DD-8196-241D4F182D9E}.Debug|Any CPU.ActiveCfg = Debug|Any CPU
		{AEF8CAF7-B20C-42DD-8196-241D4F182D9E}.Debug|Any CPU.Build.0 = Debug|Any CPU
		{AEF8CAF7-B20C-42DD-8196-241D4F182D9E}.Release|Any CPU.ActiveCfg = Release|Any CPU
		{AEF8CAF7-B20C-42DD-8196-241D4F182D9E}.Release|Any CPU.Build.0 = Release|Any CPU
		{FD70C233-79FD-4DAB-8A11-4E509233F99B}.Debug|Any CPU.ActiveCfg = Debug|Any CPU
		{FD70C233-79FD-4DAB-8A11-4E509233F99B}.Debug|Any CPU.Build.0 = Debug|Any CPU
		{FD70C233-79FD-4DAB-8A11-4E509233F99B}.Release|Any CPU.ActiveCfg = Release|Any CPU
		{FD70C233-79FD-4DAB-8A11-4E509233F99B}.Release|Any CPU.Build.0 = Release|Any CPU
		{BF350B25-01AE-439A-81DE-10AEEEEAC546}.Debug|Any CPU.ActiveCfg = Debug|Any CPU
		{BF350B25-01AE-439A-81DE-10AEEEEAC546}.Debug|Any CPU.Build.0 = Debug|Any CPU
		{BF350B25-01AE-439A-81DE-10AEEEEAC546}.Release|Any CPU.ActiveCfg = Release|Any CPU
		{BF350B25-01AE-439A-81DE-10AEEEEAC546}.Release|Any CPU.Build.0 = Release|Any CPU
		{468D6EA9-36A8-4339-A6C9-54655E22351E}.Debug|Any CPU.ActiveCfg = Debug|Any CPU
		{468D6EA9-36A8-4339-A6C9-54655E22351E}.Debug|Any CPU.Build.0 = Debug|Any CPU
		{468D6EA9-36A8-4339-A6C9-54655E22351E}.Release|Any CPU.ActiveCfg = Release|Any CPU
		{468D6EA9-36A8-4339-A6C9-54655E22351E}.Release|Any CPU.Build.0 = Release|Any CPU
		{742CA0A4-CC7C-4E4D-9837-9DADC8A36F42}.Debug|Any CPU.ActiveCfg = Debug|Any CPU
		{742CA0A4-CC7C-4E4D-9837-9DADC8A36F42}.Debug|Any CPU.Build.0 = Debug|Any CPU
		{742CA0A4-CC7C-4E4D-9837-9DADC8A36F42}.Release|Any CPU.ActiveCfg = Release|Any CPU
		{742CA0A4-CC7C-4E4D-9837-9DADC8A36F42}.Release|Any CPU.Build.0 = Release|Any CPU
	EndGlobalSection
	GlobalSection(SolutionProperties) = preSolution
		HideSolutionNode = FALSE
	EndGlobalSection
	GlobalSection(ExtensibilityGlobals) = postSolution
		SolutionGuid = {2F2B21D2-7A2E-436B-87AC-923FE98DC473}
	EndGlobalSection
EndGlobal
